// !$*UTF8*$!
{
	archiveVersion = 1;
	classes = {
	};
	objectVersion = 48;
	objects = {

/* Begin PBXBuildFile section */
		5701E5AF2001E81A00501670 /* AppDelegate.swift in Sources */ = {isa = PBXBuildFile; fileRef = 5701E5AE2001E81A00501670 /* AppDelegate.swift */; };
		5701E5B62001E81A00501670 /* Assets.xcassets in Resources */ = {isa = PBXBuildFile; fileRef = 5701E5B52001E81A00501670 /* Assets.xcassets */; };
		5701E5B92001E81A00501670 /* LaunchScreen.storyboard in Resources */ = {isa = PBXBuildFile; fileRef = 5701E5B72001E81A00501670 /* LaunchScreen.storyboard */; };
		5701E5C12001E8D300501670 /* ViewControllerMain.swift in Sources */ = {isa = PBXBuildFile; fileRef = 5701E5C02001E8D300501670 /* ViewControllerMain.swift */; };
		5701E5C42001EC2700501670 /* ViewControllerMap.swift in Sources */ = {isa = PBXBuildFile; fileRef = 5701E5C32001EC2700501670 /* ViewControllerMap.swift */; };
		57B8A1682002A5E700E54AA6 /* colors.swift in Sources */ = {isa = PBXBuildFile; fileRef = 57B8A1672002A5E700E54AA6 /* colors.swift */; };
		57B8A16A2002AC0800E54AA6 /* utils.swift in Sources */ = {isa = PBXBuildFile; fileRef = 57B8A1692002AC0800E54AA6 /* utils.swift */; };
/* End PBXBuildFile section */

/* Begin PBXFileReference section */
		5701E5AB2001E81A00501670 /* KonaCoffee.app */ = {isa = PBXFileReference; explicitFileType = wrapper.application; includeInIndex = 0; path = KonaCoffee.app; sourceTree = BUILT_PRODUCTS_DIR; };
		5701E5AE2001E81A00501670 /* AppDelegate.swift */ = {isa = PBXFileReference; lastKnownFileType = sourcecode.swift; path = AppDelegate.swift; sourceTree = "<group>"; };
		5701E5B52001E81A00501670 /* Assets.xcassets */ = {isa = PBXFileReference; lastKnownFileType = folder.assetcatalog; path = Assets.xcassets; sourceTree = "<group>"; };
		5701E5B82001E81A00501670 /* Base */ = {isa = PBXFileReference; lastKnownFileType = file.storyboard; name = Base; path = Base.lproj/LaunchScreen.storyboard; sourceTree = "<group>"; };
		5701E5BA2001E81A00501670 /* Info.plist */ = {isa = PBXFileReference; lastKnownFileType = text.plist.xml; path = Info.plist; sourceTree = "<group>"; };
		5701E5C02001E8D300501670 /* ViewControllerMain.swift */ = {isa = PBXFileReference; lastKnownFileType = sourcecode.swift; path = ViewControllerMain.swift; sourceTree = "<group>"; };
		5701E5C32001EC2700501670 /* ViewControllerMap.swift */ = {isa = PBXFileReference; lastKnownFileType = sourcecode.swift; path = ViewControllerMap.swift; sourceTree = "<group>"; };
		57B8A1672002A5E700E54AA6 /* colors.swift */ = {isa = PBXFileReference; lastKnownFileType = sourcecode.swift; path = colors.swift; sourceTree = "<group>"; };
		57B8A1692002AC0800E54AA6 /* utils.swift */ = {isa = PBXFileReference; lastKnownFileType = sourcecode.swift; path = utils.swift; sourceTree = "<group>"; };
/* End PBXFileReference section */

/* Begin PBXFrameworksBuildPhase section */
		5701E5A82001E81A00501670 /* Frameworks */ = {
			isa = PBXFrameworksBuildPhase;
			buildActionMask = 2147483647;
			files = (
			);
			runOnlyForDeploymentPostprocessing = 0;
		};
/* End PBXFrameworksBuildPhase section */

/* Begin PBXGroup section */
		5701E5A22001E81A00501670 = {
			isa = PBXGroup;
			children = (
				5701E5AD2001E81A00501670 /* KonaCoffee */,
				5701E5AC2001E81A00501670 /* Products */,
			);
			sourceTree = "<group>";
		};
		5701E5AC2001E81A00501670 /* Products */ = {
			isa = PBXGroup;
			children = (
				5701E5AB2001E81A00501670 /* KonaCoffee.app */,
			);
			name = Products;
			sourceTree = "<group>";
		};
		5701E5AD2001E81A00501670 /* KonaCoffee */ = {
			isa = PBXGroup;
			children = (
				57B8A16B2002AFC900E54AA6 /* utils */,
				5701E5C22001E8DA00501670 /* ViewControllers */,
				5701E5AE2001E81A00501670 /* AppDelegate.swift */,
				5701E5B52001E81A00501670 /* Assets.xcassets */,
				5701E5B72001E81A00501670 /* LaunchScreen.storyboard */,
				5701E5BA2001E81A00501670 /* Info.plist */,
			);
			path = KonaCoffee;
			sourceTree = "<group>";
		};
		5701E5C22001E8DA00501670 /* ViewControllers */ = {
			isa = PBXGroup;
			children = (
				5701E5C02001E8D300501670 /* ViewControllerMain.swift */,
				5701E5C32001EC2700501670 /* ViewControllerMap.swift */,
			);
			path = ViewControllers;
			sourceTree = "<group>";
		};
		57B8A16B2002AFC900E54AA6 /* utils */ = {
			isa = PBXGroup;
			children = (
				57B8A1672002A5E700E54AA6 /* colors.swift */,
				57B8A1692002AC0800E54AA6 /* utils.swift */,
			);
			path = utils;
			sourceTree = "<group>";
		};
/* End PBXGroup section */

/* Begin PBXNativeTarget section */
		5701E5AA2001E81A00501670 /* KonaCoffee */ = {
			isa = PBXNativeTarget;
			buildConfigurationList = 5701E5BD2001E81A00501670 /* Build configuration list for PBXNativeTarget "KonaCoffee" */;
			buildPhases = (
				5701E5A72001E81A00501670 /* Sources */,
				5701E5A82001E81A00501670 /* Frameworks */,
				5701E5A92001E81A00501670 /* Resources */,
			);
			buildRules = (
			);
			dependencies = (
			);
			name = KonaCoffee;
			productName = KonaCoffee;
			productReference = 5701E5AB2001E81A00501670 /* KonaCoffee.app */;
			productType = "com.apple.product-type.application";
		};
/* End PBXNativeTarget section */

/* Begin PBXProject section */
		5701E5A32001E81A00501670 /* Project object */ = {
			isa = PBXProject;
			attributes = {
				LastSwiftUpdateCheck = 0920;
				LastUpgradeCheck = 0920;
				ORGANIZATIONNAME = "Sven Pohle";
				TargetAttributes = {
					5701E5AA2001E81A00501670 = {
						CreatedOnToolsVersion = 9.2;
						ProvisioningStyle = Automatic;
					};
				};
			};
			buildConfigurationList = 5701E5A62001E81A00501670 /* Build configuration list for PBXProject "KonaCoffee" */;
			compatibilityVersion = "Xcode 8.0";
			developmentRegion = en;
			hasScannedForEncodings = 0;
			knownRegions = (
				en,
				Base,
			);
			mainGroup = 5701E5A22001E81A00501670;
			productRefGroup = 5701E5AC2001E81A00501670 /* Products */;
			projectDirPath = "";
			projectRoot = "";
			targets = (
				5701E5AA2001E81A00501670 /* KonaCoffee */,
			);
		};
/* End PBXProject section */

/* Begin PBXResourcesBuildPhase section */
		5701E5A92001E81A00501670 /* Resources */ = {
			isa = PBXResourcesBuildPhase;
			buildActionMask = 2147483647;
			files = (
				5701E5B92001E81A00501670 /* LaunchScreen.storyboard in Resources */,
				5701E5B62001E81A00501670 /* Assets.xcassets in Resources */,
			);
			runOnlyForDeploymentPostprocessing = 0;
		};
/* End PBXResourcesBuildPhase section */

/* Begin PBXSourcesBuildPhase section */
		5701E5A72001E81A00501670 /* Sources */ = {
			isa = PBXSourcesBuildPhase;
			buildActionMask = 2147483647;
			files = (
				57B8A16A2002AC0800E54AA6 /* utils.swift in Sources */,
				5701E5C12001E8D300501670 /* ViewControllerMain.swift in Sources */,
				5701E5AF2001E81A00501670 /* AppDelegate.swift in Sources */,
				5701E5C42001EC2700501670 /* ViewControllerMap.swift in Sources */,
				57B8A1682002A5E700E54AA6 /* colors.swift in Sources */,
			);
			runOnlyForDeploymentPostprocessing = 0;
		};
/* End PBXSourcesBuildPhase section */

/* Begin PBXVariantGroup section */
		5701E5B72001E81A00501670 /* LaunchScreen.storyboard */ = {
			isa = PBXVariantGroup;
			children = (
				5701E5B82001E81A00501670 /* Base */,
			);
			name = LaunchScreen.storyboard;
			sourceTree = "<group>";
		};
/* End PBXVariantGroup section */

/* Begin XCBuildConfiguration section */
		5701E5BB2001E81A00501670 /* Debug */ = {
			isa = XCBuildConfiguration;
			buildSettings = {
				ALWAYS_SEARCH_USER_PATHS = NO;
				CLANG_ANALYZER_NONNULL = YES;
				CLANG_ANALYZER_NUMBER_OBJECT_CONVERSION = YES_AGGRESSIVE;
				CLANG_CXX_LANGUAGE_STANDARD = "gnu++14";
				CLANG_CXX_LIBRARY = "libc++";
				CLANG_ENABLE_MODULES = YES;
				CLANG_ENABLE_OBJC_ARC = YES;
				CLANG_WARN_BLOCK_CAPTURE_AUTORELEASING = YES;
				CLANG_WARN_BOOL_CONVERSION = YES;
				CLANG_WARN_COMMA = YES;
				CLANG_WARN_CONSTANT_CONVERSION = YES;
				CLANG_WARN_DIRECT_OBJC_ISA_USAGE = YES_ERROR;
				CLANG_WARN_DOCUMENTATION_COMMENTS = YES;
				CLANG_WARN_EMPTY_BODY = YES;
				CLANG_WARN_ENUM_CONVERSION = YES;
				CLANG_WARN_INFINITE_RECURSION = YES;
				CLANG_WARN_INT_CONVERSION = YES;
				CLANG_WARN_NON_LITERAL_NULL_CONVERSION = YES;
				CLANG_WARN_OBJC_LITERAL_CONVERSION = YES;
				CLANG_WARN_OBJC_ROOT_CLASS = YES_ERROR;
				CLANG_WARN_RANGE_LOOP_ANALYSIS = YES;
				CLANG_WARN_STRICT_PROTOTYPES = YES;
				CLANG_WARN_SUSPICIOUS_MOVE = YES;
				CLANG_WARN_UNGUARDED_AVAILABILITY = YES_AGGRESSIVE;
				CLANG_WARN_UNREACHABLE_CODE = YES;
				CLANG_WARN__DUPLICATE_METHOD_MATCH = YES;
				CODE_SIGN_IDENTITY = "iPhone Developer";
				COPY_PHASE_STRIP = NO;
				DEBUG_INFORMATION_FORMAT = dwarf;
				ENABLE_STRICT_OBJC_MSGSEND = YES;
				ENABLE_TESTABILITY = YES;
				GCC_C_LANGUAGE_STANDARD = gnu11;
				GCC_DYNAMIC_NO_PIC = NO;
				GCC_NO_COMMON_BLOCKS = YES;
				GCC_OPTIMIZATION_LEVEL = 0;
				GCC_PREPROCESSOR_DEFINITIONS = (
					"DEBUG=1",
					"$(inherited)",
				);
				GCC_WARN_64_TO_32_BIT_CONVERSION = YES;
				GCC_WARN_ABOUT_RETURN_TYPE = YES_ERROR;
				GCC_WARN_UNDECLARED_SELECTOR = YES;
				GCC_WARN_UNINITIALIZED_AUTOS = YES_AGGRESSIVE;
				GCC_WARN_UNUSED_FUNCTION = YES;
				GCC_WARN_UNUSED_VARIABLE = YES;
				IPHONEOS_DEPLOYMENT_TARGET = 11.2;
				MTL_ENABLE_DEBUG_INFO = YES;
				ONLY_ACTIVE_ARCH = YES;
				SDKROOT = iphoneos;
				SWIFT_ACTIVE_COMPILATION_CONDITIONS = DEBUG;
				SWIFT_OPTIMIZATION_LEVEL = "-Onone";
			};
			name = Debug;
		};
		5701E5BC2001E81A00501670 /* Release */ = {
			isa = XCBuildConfiguration;
			buildSettings = {
				ALWAYS_SEARCH_USER_PATHS = NO;
				CLANG_ANALYZER_NONNULL = YES;
				CLANG_ANALYZER_NUMBER_OBJECT_CONVERSION = YES_AGGRESSIVE;
				CLANG_CXX_LANGUAGE_STANDARD = "gnu++14";
				CLANG_CXX_LIBRARY = "libc++";
				CLANG_ENABLE_MODULES = YES;
				CLANG_ENABLE_OBJC_ARC = YES;
				CLANG_WARN_BLOCK_CAPTURE_AUTORELEASING = YES;
				CLANG_WARN_BOOL_CONVERSION = YES;
				CLANG_WARN_COMMA = YES;
				CLANG_WARN_CONSTANT_CONVERSION = YES;
				CLANG_WARN_DIRECT_OBJC_ISA_USAGE = YES_ERROR;
				CLANG_WARN_DOCUMENTATION_COMMENTS = YES;
				CLANG_WARN_EMPTY_BODY = YES;
				CLANG_WARN_ENUM_CONVERSION = YES;
				CLANG_WARN_INFINITE_RECURSION = YES;
				CLANG_WARN_INT_CONVERSION = YES;
				CLANG_WARN_NON_LITERAL_NULL_CONVERSION = YES;
				CLANG_WARN_OBJC_LITERAL_CONVERSION = YES;
				CLANG_WARN_OBJC_ROOT_CLASS = YES_ERROR;
				CLANG_WARN_RANGE_LOOP_ANALYSIS = YES;
				CLANG_WARN_STRICT_PROTOTYPES = YES;
				CLANG_WARN_SUSPICIOUS_MOVE = YES;
				CLANG_WARN_UNGUARDED_AVAILABILITY = YES_AGGRESSIVE;
				CLANG_WARN_UNREACHABLE_CODE = YES;
				CLANG_WARN__DUPLICATE_METHOD_MATCH = YES;
				CODE_SIGN_IDENTITY = "iPhone Developer";
				COPY_PHASE_STRIP = NO;
				DEBUG_INFORMATION_FORMAT = "dwarf-with-dsym";
				ENABLE_NS_ASSERTIONS = NO;
				ENABLE_STRICT_OBJC_MSGSEND = YES;
				GCC_C_LANGUAGE_STANDARD = gnu11;
				GCC_NO_COMMON_BLOCKS = YES;
				GCC_WARN_64_TO_32_BIT_CONVERSION = YES;
				GCC_WARN_ABOUT_RETURN_TYPE = YES_ERROR;
				GCC_WARN_UNDECLARED_SELECTOR = YES;
				GCC_WARN_UNINITIALIZED_AUTOS = YES_AGGRESSIVE;
				GCC_WARN_UNUSED_FUNCTION = YES;
				GCC_WARN_UNUSED_VARIABLE = YES;
				IPHONEOS_DEPLOYMENT_TARGET = 11.2;
				MTL_ENABLE_DEBUG_INFO = NO;
				SDKROOT = iphoneos;
				SWIFT_OPTIMIZATION_LEVEL = "-Owholemodule";
				VALIDATE_PRODUCT = YES;
			};
			name = Release;
		};
		5701E5BE2001E81A00501670 /* Debug */ = {
			isa = XCBuildConfiguration;
			buildSettings = {
				ASSETCATALOG_COMPILER_APPICON_NAME = AppIcon;
				CODE_SIGN_STYLE = Automatic;
				DEVELOPMENT_TEAM = Q5BR2BF73N;
				INFOPLIST_FILE = KonaCoffee/Info.plist;
				LD_RUNPATH_SEARCH_PATHS = "$(inherited) @executable_path/Frameworks";
				PRODUCT_BUNDLE_IDENTIFIER = sveni.KonaCoffee;
				PRODUCT_NAME = "$(TARGET_NAME)";
				SWIFT_VERSION = 4.0;
				TARGETED_DEVICE_FAMILY = "1,2";
			};
			name = Debug;
		};
		5701E5BF2001E81A00501670 /* Release */ = {
			isa = XCBuildConfiguration;
			buildSettings = {
				ASSETCATALOG_COMPILER_APPICON_NAME = AppIcon;
				CODE_SIGN_STYLE = Automatic;
				DEVELOPMENT_TEAM = Q5BR2BF73N;
				INFOPLIST_FILE = KonaCoffee/Info.plist;
				LD_RUNPATH_SEARCH_PATHS = "$(inherited) @executable_path/Frameworks";
				PRODUCT_BUNDLE_IDENTIFIER = sveni.KonaCoffee;
				PRODUCT_NAME = "$(TARGET_NAME)";
				SWIFT_VERSION = 4.0;
				TARGETED_DEVICE_FAMILY = "1,2";
			};
			name = Release;
		};
/* End XCBuildConfiguration section */

/* Begin XCConfigurationList section */
		5701E5A62001E81A00501670 /* Build configuration list for PBXProject "KonaCoffee" */ = {
			isa = XCConfigurationList;
			buildConfigurations = (
				5701E5BB2001E81A00501670 /* Debug */,
				5701E5BC2001E81A00501670 /* Release */,
			);
			defaultConfigurationIsVisible = 0;
			defaultConfigurationName = Release;
		};
		5701E5BD2001E81A00501670 /* Build configuration list for PBXNativeTarget "KonaCoffee" */ = {
			isa = XCConfigurationList;
			buildConfigurations = (
				5701E5BE2001E81A00501670 /* Debug */,
				5701E5BF2001E81A00501670 /* Release */,
			);
			defaultConfigurationIsVisible = 0;
			defaultConfigurationName = Release;
		};
/* End XCConfigurationList section */
	};
	rootObject = 5701E5A32001E81A00501670 /* Project object */;
}
